
Microsoft Visual Studio Solution File, Format Version 12.00
# Visual Studio Version 16
VisualStudioVersion = 16.0.29020.237
MinimumVisualStudioVersion = 10.0.40219.1
Project("{FAE04EC0-301F-11D3-BF4B-00C04F79EFBC}") = "simple_wpf_addition", "simple_wpf_addition\simple_wpf_addition.csproj", "{1027B263-9B10-418B-BC21-43882B21A6EB}"
EndProject
Global
	GlobalSection(SolutionConfigurationPlatforms) = preSolution
		Debug|Any CPU = Debug|Any CPU
		Release|Any CPU = Release|Any CPU
	EndGlobalSection
	GlobalSection(ProjectConfigurationPlatforms) = postSolution
		{1027B263-9B10-418B-BC21-43882B21A6EB}.Debug|Any CPU.ActiveCfg = Debug|Any CPU
		{1027B263-9B10-418B-BC21-43882B21A6EB}.Debug|Any CPU.Build.0 = Debug|Any CPU
		{1027B263-9B10-418B-BC21-43882B21A6EB}.Release|Any CPU.ActiveCfg = Release|Any CPU
		{1027B263-9B10-418B-BC21-43882B21A6EB}.Release|Any CPU.Build.0 = Release|Any CPU
	EndGlobalSection
	GlobalSection(SolutionProperties) = preSolution
		HideSolutionNode = FALSE
	EndGlobalSection
	GlobalSection(ExtensibilityGlobals) = postSolution
		SolutionGuid = {01BFA388-06FE-47A2-8831-0FE0759823A5}
	EndGlobalSection
EndGlobal
